// !$*UTF8*$!
{
	archiveVersion = 1;
	classes = {
	};
	objectVersion = 50;
	objects = {

/* Begin PBXBuildFile section */
		181F0A7B233A08630002F450 /* AppDelegate.swift in Sources */ = {isa = PBXBuildFile; fileRef = 181F0A7A233A08630002F450 /* AppDelegate.swift */; };
		181F0A7D233A08630002F450 /* ViewController.swift in Sources */ = {isa = PBXBuildFile; fileRef = 181F0A7C233A08630002F450 /* ViewController.swift */; };
		181F0A80233A08630002F450 /* Main.storyboard in Resources */ = {isa = PBXBuildFile; fileRef = 181F0A7E233A08630002F450 /* Main.storyboard */; };
		181F0A82233A087A0002F450 /* Assets.xcassets in Resources */ = {isa = PBXBuildFile; fileRef = 181F0A81233A087A0002F450 /* Assets.xcassets */; };
		181F0A85233A087A0002F450 /* LaunchScreen.storyboard in Resources */ = {isa = PBXBuildFile; fileRef = 181F0A83233A087A0002F450 /* LaunchScreen.storyboard */; };
		181F0A90233A087C0002F450 /* viewTests.swift in Sources */ = {isa = PBXBuildFile; fileRef = 181F0A8F233A087C0002F450 /* viewTests.swift */; };
		181F0A9B233A087C0002F450 /* viewUITests.swift in Sources */ = {isa = PBXBuildFile; fileRef = 181F0A9A233A087C0002F450 /* viewUITests.swift */; };
/* End PBXBuildFile section */

/* Begin PBXContainerItemProxy section */
		181F0A8C233A087C0002F450 /* PBXContainerItemProxy */ = {
			isa = PBXContainerItemProxy;
			containerPortal = 181F0A6F233A08630002F450 /* Project object */;
			proxyType = 1;
			remoteGlobalIDString = 181F0A76233A08630002F450;
			remoteInfo = view;
		};
		181F0A97233A087C0002F450 /* PBXContainerItemProxy */ = {
			isa = PBXContainerItemProxy;
			containerPortal = 181F0A6F233A08630002F450 /* Project object */;
			proxyType = 1;
			remoteGlobalIDString = 181F0A76233A08630002F450;
			remoteInfo = view;
		};
/* End PBXContainerItemProxy section */

/* Begin PBXFileReference section */
		181F0A77233A08630002F450 /* view.app */ = {isa = PBXFileReference; explicitFileType = wrapper.application; includeInIndex = 0; path = view.app; sourceTree = BUILT_PRODUCTS_DIR; };
		181F0A7A233A08630002F450 /* AppDelegate.swift */ = {isa = PBXFileReference; lastKnownFileType = sourcecode.swift; path = AppDelegate.swift; sourceTree = "<group>"; };
		181F0A7C233A08630002F450 /* ViewController.swift */ = {isa = PBXFileReference; lastKnownFileType = sourcecode.swift; path = ViewController.swift; sourceTree = "<group>"; };
		181F0A7F233A08630002F450 /* Base */ = {isa = PBXFileReference; lastKnownFileType = file.storyboard; name = Base; path = Base.lproj/Main.storyboard; sourceTree = "<group>"; };
		181F0A81233A087A0002F450 /* Assets.xcassets */ = {isa = PBXFileReference; lastKnownFileType = folder.assetcatalog; path = Assets.xcassets; sourceTree = "<group>"; };
		181F0A84233A087A0002F450 /* Base */ = {isa = PBXFileReference; lastKnownFileType = file.storyboard; name = Base; path = Base.lproj/LaunchScreen.storyboard; sourceTree = "<group>"; };
		181F0A86233A087A0002F450 /* Info.plist */ = {isa = PBXFileReference; lastKnownFileType = text.plist.xml; path = Info.plist; sourceTree = "<group>"; };
		181F0A8B233A087C0002F450 /* viewTests.xctest */ = {isa = PBXFileReference; explicitFileType = wrapper.cfbundle; includeInIndex = 0; path = viewTests.xctest; sourceTree = BUILT_PRODUCTS_DIR; };
		181F0A8F233A087C0002F450 /* viewTests.swift */ = {isa = PBXFileReference; lastKnownFileType = sourcecode.swift; path = viewTests.swift; sourceTree = "<group>"; };
		181F0A91233A087C0002F450 /* Info.plist */ = {isa = PBXFileReference; lastKnownFileType = text.plist.xml; path = Info.plist; sourceTree = "<group>"; };
		181F0A96233A087C0002F450 /* viewUITests.xctest */ = {isa = PBXFileReference; explicitFileType = wrapper.cfbundle; includeInIndex = 0; path = viewUITests.xctest; sourceTree = BUILT_PRODUCTS_DIR; };
		181F0A9A233A087C0002F450 /* viewUITests.swift */ = {isa = PBXFileReference; lastKnownFileType = sourcecode.swift; path = viewUITests.swift; sourceTree = "<group>"; };
		181F0A9C233A087D0002F450 /* Info.plist */ = {isa = PBXFileReference; lastKnownFileType = text.plist.xml; path = Info.plist; sourceTree = "<group>"; };
/* End PBXFileReference section */

/* Begin PBXFrameworksBuildPhase section */
		181F0A74233A08630002F450 /* Frameworks */ = {
			isa = PBXFrameworksBuildPhase;
			buildActionMask = 2147483647;
			files = (
			);
			runOnlyForDeploymentPostprocessing = 0;
		};
		181F0A88233A087C0002F450 /* Frameworks */ = {
			isa = PBXFrameworksBuildPhase;
			buildActionMask = 2147483647;
			files = (
			);
			runOnlyForDeploymentPostprocessing = 0;
		};
		181F0A93233A087C0002F450 /* Frameworks */ = {
			isa = PBXFrameworksBuildPhase;
			buildActionMask = 2147483647;
			files = (
			);
			runOnlyForDeploymentPostprocessing = 0;
		};
/* End PBXFrameworksBuildPhase section */

/* Begin PBXGroup section */
		181F0A6E233A08630002F450 = {
			isa = PBXGroup;
			children = (
				181F0A79233A08630002F450 /* view */,
				181F0A8E233A087C0002F450 /* viewTests */,
				181F0A99233A087C0002F450 /* viewUITests */,
				181F0A78233A08630002F450 /* Products */,
			);
			sourceTree = "<group>";
		};
		181F0A78233A08630002F450 /* Products */ = {
			isa = PBXGroup;
			children = (
				181F0A77233A08630002F450 /* view.app */,
				181F0A8B233A087C0002F450 /* viewTests.xctest */,
				181F0A96233A087C0002F450 /* viewUITests.xctest */,
			);
			name = Products;
			sourceTree = "<group>";
		};
		181F0A79233A08630002F450 /* view */ = {
			isa = PBXGroup;
			children = (
				181F0A7A233A08630002F450 /* AppDelegate.swift */,
				181F0A7C233A08630002F450 /* ViewController.swift */,
				181F0A7E233A08630002F450 /* Main.storyboard */,
				181F0A81233A087A0002F450 /* Assets.xcassets */,
				181F0A83233A087A0002F450 /* LaunchScreen.storyboard */,
				181F0A86233A087A0002F450 /* Info.plist */,
			);
			path = view;
			sourceTree = "<group>";
		};
		181F0A8E233A087C0002F450 /* viewTests */ = {
			isa = PBXGroup;
			children = (
				181F0A8F233A087C0002F450 /* viewTests.swift */,
				181F0A91233A087C0002F450 /* Info.plist */,
			);
			path = viewTests;
			sourceTree = "<group>";
		};
		181F0A99233A087C0002F450 /* viewUITests */ = {
			isa = PBXGroup;
			children = (
				181F0A9A233A087C0002F450 /* viewUITests.swift */,
				181F0A9C233A087D0002F450 /* Info.plist */,
			);
			path = viewUITests;
			sourceTree = "<group>";
		};
/* End PBXGroup section */

/* Begin PBXNativeTarget section */
		181F0A76233A08630002F450 /* view */ = {
			isa = PBXNativeTarget;
			buildConfigurationList = 181F0A9F233A087D0002F450 /* Build configuration list for PBXNativeTarget "view" */;
			buildPhases = (
				181F0A73233A08630002F450 /* Sources */,
				181F0A74233A08630002F450 /* Frameworks */,
				181F0A75233A08630002F450 /* Resources */,
			);
			buildRules = (
			);
			dependencies = (
			);
			name = view;
			productName = view;
			productReference = 181F0A77233A08630002F450 /* view.app */;
			productType = "com.apple.product-type.application";
		};
		181F0A8A233A087C0002F450 /* viewTests */ = {
			isa = PBXNativeTarget;
			buildConfigurationList = 181F0AA2233A087D0002F450 /* Build configuration list for PBXNativeTarget "viewTests" */;
			buildPhases = (
				181F0A87233A087C0002F450 /* Sources */,
				181F0A88233A087C0002F450 /* Frameworks */,
				181F0A89233A087C0002F450 /* Resources */,
			);
			buildRules = (
			);
			dependencies = (
				181F0A8D233A087C0002F450 /* PBXTargetDependency */,
			);
			name = viewTests;
			productName = viewTests;
			productReference = 181F0A8B233A087C0002F450 /* viewTests.xctest */;
			productType = "com.apple.product-type.bundle.unit-test";
		};
		181F0A95233A087C0002F450 /* viewUITests */ = {
			isa = PBXNativeTarget;
			buildConfigurationList = 181F0AA5233A087D0002F450 /* Build configuration list for PBXNativeTarget "viewUITests" */;
			buildPhases = (
				181F0A92233A087C0002F450 /* Sources */,
				181F0A93233A087C0002F450 /* Frameworks */,
				181F0A94233A087C0002F450 /* Resources */,
			);
			buildRules = (
			);
			dependencies = (
				181F0A98233A087C0002F450 /* PBXTargetDependency */,
			);
			name = viewUITests;
			productName = viewUITests;
			productReference = 181F0A96233A087C0002F450 /* viewUITests.xctest */;
			productType = "com.apple.product-type.bundle.ui-testing";
		};
/* End PBXNativeTarget section */

/* Begin PBXProject section */
		181F0A6F233A08630002F450 /* Project object */ = {
			isa = PBXProject;
			attributes = {
				LastSwiftUpdateCheck = 1030;
				LastUpgradeCheck = 1030;
				ORGANIZATIONNAME = qcx;
				TargetAttributes = {
					181F0A76233A08630002F450 = {
						CreatedOnToolsVersion = 10.3;
					};
					181F0A8A233A087C0002F450 = {
						CreatedOnToolsVersion = 10.3;
						TestTargetID = 181F0A76233A08630002F450;
					};
					181F0A95233A087C0002F450 = {
						CreatedOnToolsVersion = 10.3;
						TestTargetID = 181F0A76233A08630002F450;
					};
				};
			};
			buildConfigurationList = 181F0A72233A08630002F450 /* Build configuration list for PBXProject "view" */;
			compatibilityVersion = "Xcode 9.3";
			developmentRegion = en;
			hasScannedForEncodings = 0;
			knownRegions = (
				en,
				Base,
			);
			mainGroup = 181F0A6E233A08630002F450;
			productRefGroup = 181F0A78233A08630002F450 /* Products */;
			projectDirPath = "";
			projectRoot = "";
			targets = (
				181F0A76233A08630002F450 /* view */,
				181F0A8A233A087C0002F450 /* viewTests */,
				181F0A95233A087C0002F450 /* viewUITests */,
			);
		};
/* End PBXProject section */

/* Begin PBXResourcesBuildPhase section */
		181F0A75233A08630002F450 /* Resources */ = {
			isa = PBXResourcesBuildPhase;
			buildActionMask = 2147483647;
			files = (
				181F0A85233A087A0002F450 /* LaunchScreen.storyboard in Resources */,
				181F0A82233A087A0002F450 /* Assets.xcassets in Resources */,
				181F0A80233A08630002F450 /* Main.storyboard in Resources */,
			);
			runOnlyForDeploymentPostprocessing = 0;
		};
		181F0A89233A087C0002F450 /* Resources */ = {
			isa = PBXResourcesBuildPhase;
			buildActionMask = 2147483647;
			files = (
			);
			runOnlyForDeploymentPostprocessing = 0;
		};
		181F0A94233A087C0002F450 /* Resources */ = {
			isa = PBXResourcesBuildPhase;
			buildActionMask = 2147483647;
			files = (
			);
			runOnlyForDeploymentPostprocessing = 0;
		};
/* End PBXResourcesBuildPhase section */

/* Begin PBXSourcesBuildPhase section */
		181F0A73233A08630002F450 /* Sources */ = {
			isa = PBXSourcesBuildPhase;
			buildActionMask = 2147483647;
			files = (
				181F0A7D233A08630002F450 /* ViewController.swift in Sources */,
				181F0A7B233A08630002F450 /* AppDelegate.swift in Sources */,
			);
			runOnlyForDeploymentPostprocessing = 0;
		};
		181F0A87233A087C0002F450 /* Sources */ = {
			isa = PBXSourcesBuildPhase;
			buildActionMask = 2147483647;
			files = (
				181F0A90233A087C0002F450 /* viewTests.swift in Sources */,
			);
			runOnlyForDeploymentPostprocessing = 0;
		};
		181F0A92233A087C0002F450 /* Sources */ = {
			isa = PBXSourcesBuildPhase;
			buildActionMask = 2147483647;
			files = (
				181F0A9B233A087C0002F450 /* viewUITests.swift in Sources */,
			);
			runOnlyForDeploymentPostprocessing = 0;
		};
/* End PBXSourcesBuildPhase section */

/* Begin PBXTargetDependency section */
		181F0A8D233A087C0002F450 /* PBXTargetDependency */ = {
			isa = PBXTargetDependency;
			target = 181F0A76233A08630002F450 /* view */;
			targetProxy = 181F0A8C233A087C0002F450 /* PBXContainerItemProxy */;
		};
		181F0A98233A087C0002F450 /* PBXTargetDependency */ = {
			isa = PBXTargetDependency;
			target = 181F0A76233A08630002F450 /* view */;
			targetProxy = 181F0A97233A087C0002F450 /* PBXContainerItemProxy */;
		};
/* End PBXTargetDependency section */

/* Begin PBXVariantGroup section */
		181F0A7E233A08630002F450 /* Main.storyboard */ = {
			isa = PBXVariantGroup;
			children = (
				181F0A7F233A08630002F450 /* Base */,
			);
			name = Main.storyboard;
			sourceTree = "<group>";
		};
		181F0A83233A087A0002F450 /* LaunchScreen.storyboard */ = {
			isa = PBXVariantGroup;
			children = (
				181F0A84233A087A0002F450 /* Base */,
			);
			name = LaunchScreen.storyboard;
			sourceTree = "<group>";
		};
/* End PBXVariantGroup section */

/* Begin XCBuildConfiguration section */
		181F0A9D233A087D0002F450 /* Debug */ = {
			isa = XCBuildConfiguration;
			buildSettings = {
				ALWAYS_SEARCH_USER_PATHS = NO;
				CLANG_ANALYZER_NONNULL = YES;
				CLANG_ANALYZER_NUMBER_OBJECT_CONVERSION = YES_AGGRESSIVE;
				CLANG_CXX_LANGUAGE_STANDARD = "gnu++14";
				CLANG_CXX_LIBRARY = "libc++";
				CLANG_ENABLE_MODULES = YES;
				CLANG_ENABLE_OBJC_ARC = YES;
				CLANG_ENABLE_OBJC_WEAK = YES;
				CLANG_WARN_BLOCK_CAPTURE_AUTORELEASING = YES;
				CLANG_WARN_BOOL_CONVERSION = YES;
				CLANG_WARN_COMMA = YES;
				CLANG_WARN_CONSTANT_CONVERSION = YES;
				CLANG_WARN_DEPRECATED_OBJC_IMPLEMENTATIONS = YES;
				CLANG_WARN_DIRECT_OBJC_ISA_USAGE = YES_ERROR;
				CLANG_WARN_DOCUMENTATION_COMMENTS = YES;
				CLANG_WARN_EMPTY_BODY = YES;
				CLANG_WARN_ENUM_CONVERSION = YES;
				CLANG_WARN_INFINITE_RECURSION = YES;
				CLANG_WARN_INT_CONVERSION = YES;
				CLANG_WARN_NON_LITERAL_NULL_CONVERSION = YES;
				CLANG_WARN_OBJC_IMPLICIT_RETAIN_SELF = YES;
				CLANG_WARN_OBJC_LITERAL_CONVERSION = YES;
				CLANG_WARN_OBJC_ROOT_CLASS = YES_ERROR;
				CLANG_WARN_RANGE_LOOP_ANALYSIS = YES;
				CLANG_WARN_STRICT_PROTOTYPES = YES;
				CLANG_WARN_SUSPICIOUS_MOVE = YES;
				CLANG_WARN_UNGUARDED_AVAILABILITY = YES_AGGRESSIVE;
				CLANG_WARN_UNREACHABLE_CODE = YES;
				CLANG_WARN__DUPLICATE_METHOD_MATCH = YES;
				CODE_SIGN_IDENTITY = "iPhone Developer";
				COPY_PHASE_STRIP = NO;
				DEBUG_INFORMATION_FORMAT = dwarf;
				ENABLE_STRICT_OBJC_MSGSEND = YES;
				ENABLE_TESTABILITY = YES;
				GCC_C_LANGUAGE_STANDARD = gnu11;
				GCC_DYNAMIC_NO_PIC = NO;
				GCC_NO_COMMON_BLOCKS = YES;
				GCC_OPTIMIZATION_LEVEL = 0;
				GCC_PREPROCESSOR_DEFINITIONS = (
					"DEBUG=1",
					"$(inherited)",
				);
				GCC_WARN_64_TO_32_BIT_CONVERSION = YES;
				GCC_WARN_ABOUT_RETURN_TYPE = YES_ERROR;
				GCC_WARN_UNDECLARED_SELECTOR = YES;
				GCC_WARN_UNINITIALIZED_AUTOS = YES_AGGRESSIVE;
				GCC_WARN_UNUSED_FUNCTION = YES;
				GCC_WARN_UNUSED_VARIABLE = YES;
				IPHONEOS_DEPLOYMENT_TARGET = 12.4;
				MTL_ENABLE_DEBUG_INFO = INCLUDE_SOURCE;
				MTL_FAST_MATH = YES;
				ONLY_ACTIVE_ARCH = YES;
				SDKROOT = iphoneos;
				SWIFT_ACTIVE_COMPILATION_CONDITIONS = DEBUG;
				SWIFT_OPTIMIZATION_LEVEL = "-Onone";
			};
			name = Debug;
		};
		181F0A9E233A087D0002F450 /* Release */ = {
			isa = XCBuildConfiguration;
			buildSettings = {
				ALWAYS_SEARCH_USER_PATHS = NO;
				CLANG_ANALYZER_NONNULL = YES;
				CLANG_ANALYZER_NUMBER_OBJECT_CONVERSION = YES_AGGRESSIVE;
				CLANG_CXX_LANGUAGE_STANDARD = "gnu++14";
				CLANG_CXX_LIBRARY = "libc++";
				CLANG_ENABLE_MODULES = YES;
				CLANG_ENABLE_OBJC_ARC = YES;
				CLANG_ENABLE_OBJC_WEAK = YES;
				CLANG_WARN_BLOCK_CAPTURE_AUTORELEASING = YES;
				CLANG_WARN_BOOL_CONVERSION = YES;
				CLANG_WARN_COMMA = YES;
				CLANG_WARN_CONSTANT_CONVERSION = YES;
				CLANG_WARN_DEPRECATED_OBJC_IMPLEMENTATIONS = YES;
				CLANG_WARN_DIRECT_OBJC_ISA_USAGE = YES_ERROR;
				CLANG_WARN_DOCUMENTATION_COMMENTS = YES;
				CLANG_WARN_EMPTY_BODY = YES;
				CLANG_WARN_ENUM_CONVERSION = YES;
				CLANG_WARN_INFINITE_RECURSION = YES;
				CLANG_WARN_INT_CONVERSION = YES;
				CLANG_WARN_NON_LITERAL_NULL_CONVERSION = YES;
				CLANG_WARN_OBJC_IMPLICIT_RETAIN_SELF = YES;
				CLANG_WARN_OBJC_LITERAL_CONVERSION = YES;
				CLANG_WARN_OBJC_ROOT_CLASS = YES_ERROR;
				CLANG_WARN_RANGE_LOOP_ANALYSIS = YES;
				CLANG_WARN_STRICT_PROTOTYPES = YES;
				CLANG_WARN_SUSPICIOUS_MOVE = YES;
				CLANG_WARN_UNGUARDED_AVAILABILITY = YES_AGGRESSIVE;
				CLANG_WARN_UNREACHABLE_CODE = YES;
				CLANG_WARN__DUPLICATE_METHOD_MATCH = YES;
				CODE_SIGN_IDENTITY = "iPhone Developer";
				COPY_PHASE_STRIP = NO;
				DEBUG_INFORMATION_FORMAT = "dwarf-with-dsym";
				ENABLE_NS_ASSERTIONS = NO;
				ENABLE_STRICT_OBJC_MSGSEND = YES;
				GCC_C_LANGUAGE_STANDARD = gnu11;
				GCC_NO_COMMON_BLOCKS = YES;
				GCC_WARN_64_TO_32_BIT_CONVERSION = YES;
				GCC_WARN_ABOUT_RETURN_TYPE = YES_ERROR;
				GCC_WARN_UNDECLARED_SELECTOR = YES;
				GCC_WARN_UNINITIALIZED_AUTOS = YES_AGGRESSIVE;
				GCC_WARN_UNUSED_FUNCTION = YES;
				GCC_WARN_UNUSED_VARIABLE = YES;
				IPHONEOS_DEPLOYMENT_TARGET = 12.4;
				MTL_ENABLE_DEBUG_INFO = NO;
				MTL_FAST_MATH = YES;
				SDKROOT = iphoneos;
				SWIFT_COMPILATION_MODE = wholemodule;
				SWIFT_OPTIMIZATION_LEVEL = "-O";
				VALIDATE_PRODUCT = YES;
			};
			name = Release;
		};
		181F0AA0233A087D0002F450 /* Debug */ = {
			isa = XCBuildConfiguration;
			buildSettings = {
				ASSETCATALOG_COMPILER_APPICON_NAME = AppIcon;
				CODE_SIGN_STYLE = Automatic;
				INFOPLIST_FILE = view/Info.plist;
				LD_RUNPATH_SEARCH_PATHS = (
					"$(inherited)",
					"@executable_path/Frameworks",
				);
				PRODUCT_BUNDLE_IDENTIFIER = com.scut.app.qcx.view;
				PRODUCT_NAME = "$(TARGET_NAME)";
				SWIFT_VERSION = 5.0;
				TARGETED_DEVICE_FAMILY = "1,2";
			};
			name = Debug;
		};
		181F0AA1233A087D0002F450 /* Release */ = {
			isa = XCBuildConfiguration;
			buildSettings = {
				ASSETCATALOG_COMPILER_APPICON_NAME = AppIcon;
				CODE_SIGN_STYLE = Automatic;
				INFOPLIST_FILE = view/Info.plist;
				LD_RUNPATH_SEARCH_PATHS = (
					"$(inherited)",
					"@executable_path/Frameworks",
				);
				PRODUCT_BUNDLE_IDENTIFIER = com.scut.app.qcx.view;
				PRODUCT_NAME = "$(TARGET_NAME)";
				SWIFT_VERSION = 5.0;
				TARGETED_DEVICE_FAMILY = "1,2";
			};
			name = Release;
		};
		181F0AA3233A087D0002F450 /* Debug */ = {
			isa = XCBuildConfiguration;
			buildSettings = {
				ALWAYS_EMBED_SWIFT_STANDARD_LIBRARIES = YES;
				BUNDLE_LOADER = "$(TEST_HOST)";
				CODE_SIGN_STYLE = Automatic;
				INFOPLIST_FILE = viewTests/Info.plist;
				LD_RUNPATH_SEARCH_PATHS = (
					"$(inherited)",
					"@executable_path/Frameworks",
					"@loader_path/Frameworks",
				);
				PRODUCT_BUNDLE_IDENTIFIER = com.scut.app.qcx.viewTests;
				PRODUCT_NAME = "$(TARGET_NAME)";
				SWIFT_VERSION = 5.0;
				TARGETED_DEVICE_FAMILY = "1,2";
				TEST_HOST = "$(BUILT_PRODUCTS_DIR)/view.app/view";
			};
			name = Debug;
		};
		181F0AA4233A087D0002F450 /* Release */ = {
			isa = XCBuildConfiguration;
			buildSettings = {
				ALWAYS_EMBED_SWIFT_STANDARD_LIBRARIES = YES;
				BUNDLE_LOADER = "$(TEST_HOST)";
				CODE_SIGN_STYLE = Automatic;
				INFOPLIST_FILE = viewTests/Info.plist;
				LD_RUNPATH_SEARCH_PATHS = (
					"$(inherited)",
					"@executable_path/Frameworks",
					"@loader_path/Frameworks",
				);
				PRODUCT_BUNDLE_IDENTIFIER = com.scut.app.qcx.viewTests;
				PRODUCT_NAME = "$(TARGET_NAME)";
				SWIFT_VERSION = 5.0;
				TARGETED_DEVICE_FAMILY = "1,2";
				TEST_HOST = "$(BUILT_PRODUCTS_DIR)/view.app/view";
			};
			name = Release;
		};
		181F0AA6233A087D0002F450 /* Debug */ = {
			isa = XCBuildConfiguration;
			buildSettings = {
				ALWAYS_EMBED_SWIFT_STANDARD_LIBRARIES = YES;
				CODE_SIGN_STYLE = Automatic;
				INFOPLIST_FILE = viewUITests/Info.plist;
				LD_RUNPATH_SEARCH_PATHS = (
					"$(inherited)",
					"@executable_path/Frameworks",
					"@loader_path/Frameworks",
				);
				PRODUCT_BUNDLE_IDENTIFIER = com.scut.app.qcx.viewUITests;
				PRODUCT_NAME = "$(TARGET_NAME)";
				SWIFT_VERSION = 5.0;
				TARGETED_DEVICE_FAMILY = "1,2";
				TEST_TARGET_NAME = view;
			};
			name = Debug;
		};
		181F0AA7233A087D0002F450 /* Release */ = {
			isa = XCBuildConfiguration;
			buildSettings = {
				ALWAYS_EMBED_SWIFT_STANDARD_LIBRARIES = YES;
				CODE_SIGN_STYLE = Automatic;
				INFOPLIST_FILE = viewUITests/Info.plist;
				LD_RUNPATH_SEARCH_PATHS = (
					"$(inherited)",
					"@executable_path/Frameworks",
					"@loader_path/Frameworks",
				);
				PRODUCT_BUNDLE_IDENTIFIER = com.scut.app.qcx.viewUITests;
				PRODUCT_NAME = "$(TARGET_NAME)";
				SWIFT_VERSION = 5.0;
				TARGETED_DEVICE_FAMILY = "1,2";
				TEST_TARGET_NAME = view;
			};
			name = Release;
		};
/* End XCBuildConfiguration section */

/* Begin XCConfigurationList section */
		181F0A72233A08630002F450 /* Build configuration list for PBXProject "view" */ = {
			isa = XCConfigurationList;
			buildConfigurations = (
				181F0A9D233A087D0002F450 /* Debug */,
				181F0A9E233A087D0002F450 /* Release */,
			);
			defaultConfigurationIsVisible = 0;
			defaultConfigurationName = Release;
		};
		181F0A9F233A087D0002F450 /* Build configuration list for PBXNativeTarget "view" */ = {
			isa = XCConfigurationList;
			buildConfigurations = (
				181F0AA0233A087D0002F450 /* Debug */,
				181F0AA1233A087D0002F450 /* Release */,
			);
			defaultConfigurationIsVisible = 0;
			defaultConfigurationName = Release;
		};
		181F0AA2233A087D0002F450 /* Build configuration list for PBXNativeTarget "viewTests" */ = {
			isa = XCConfigurationList;
			buildConfigurations = (
				181F0AA3233A087D0002F450 /* Debug */,
				181F0AA4233A087D0002F450 /* Release */,
			);
			defaultConfigurationIsVisible = 0;
			defaultConfigurationName = Release;
		};
		181F0AA5233A087D0002F450 /* Build configuration list for PBXNativeTarget "viewUITests" */ = {
			isa = XCConfigurationList;
			buildConfigurations = (
				181F0AA6233A087D0002F450 /* Debug */,
				181F0AA7233A087D0002F450 /* Release */,
			);
			defaultConfigurationIsVisible = 0;
			defaultConfigurationName = Release;
		};
/* End XCConfigurationList section */
	};
	rootObject = 181F0A6F233A08630002F450 /* Project object */;
}
