// !$*UTF8*$!
{
	archiveVersion = 1;
	classes = {
	};
	objectVersion = 50;
	objects = {

/* Begin PBXBuildFile section */
		1802437C23278A2600E825E0 /* AppDelegate.swift in Sources */ = {isa = PBXBuildFile; fileRef = 1802437B23278A2600E825E0 /* AppDelegate.swift */; };
		1802437E23278A2600E825E0 /* ViewController.swift in Sources */ = {isa = PBXBuildFile; fileRef = 1802437D23278A2600E825E0 /* ViewController.swift */; };
		1802438123278A2600E825E0 /* Main.storyboard in Resources */ = {isa = PBXBuildFile; fileRef = 1802437F23278A2600E825E0 /* Main.storyboard */; };
		1802438323278A2700E825E0 /* Assets.xcassets in Resources */ = {isa = PBXBuildFile; fileRef = 1802438223278A2700E825E0 /* Assets.xcassets */; };
		1802438623278A2700E825E0 /* LaunchScreen.storyboard in Resources */ = {isa = PBXBuildFile; fileRef = 1802438423278A2700E825E0 /* LaunchScreen.storyboard */; };
		1802439123278A2700E825E0 /* helloWorldTests.swift in Sources */ = {isa = PBXBuildFile; fileRef = 1802439023278A2700E825E0 /* helloWorldTests.swift */; };
		1802439C23278A2700E825E0 /* helloWorldUITests.swift in Sources */ = {isa = PBXBuildFile; fileRef = 1802439B23278A2700E825E0 /* helloWorldUITests.swift */; };
/* End PBXBuildFile section */

/* Begin PBXContainerItemProxy section */
		1802438D23278A2700E825E0 /* PBXContainerItemProxy */ = {
			isa = PBXContainerItemProxy;
			containerPortal = 1802437023278A2600E825E0 /* Project object */;
			proxyType = 1;
			remoteGlobalIDString = 1802437723278A2600E825E0;
			remoteInfo = helloWorld;
		};
		1802439823278A2700E825E0 /* PBXContainerItemProxy */ = {
			isa = PBXContainerItemProxy;
			containerPortal = 1802437023278A2600E825E0 /* Project object */;
			proxyType = 1;
			remoteGlobalIDString = 1802437723278A2600E825E0;
			remoteInfo = helloWorld;
		};
/* End PBXContainerItemProxy section */

/* Begin PBXFileReference section */
		1802437823278A2600E825E0 /* helloWorld.app */ = {isa = PBXFileReference; explicitFileType = wrapper.application; includeInIndex = 0; path = helloWorld.app; sourceTree = BUILT_PRODUCTS_DIR; };
		1802437B23278A2600E825E0 /* AppDelegate.swift */ = {isa = PBXFileReference; lastKnownFileType = sourcecode.swift; path = AppDelegate.swift; sourceTree = "<group>"; };
		1802437D23278A2600E825E0 /* ViewController.swift */ = {isa = PBXFileReference; lastKnownFileType = sourcecode.swift; path = ViewController.swift; sourceTree = "<group>"; };
		1802438023278A2600E825E0 /* Base */ = {isa = PBXFileReference; lastKnownFileType = file.storyboard; name = Base; path = Base.lproj/Main.storyboard; sourceTree = "<group>"; };
		1802438223278A2700E825E0 /* Assets.xcassets */ = {isa = PBXFileReference; lastKnownFileType = folder.assetcatalog; path = Assets.xcassets; sourceTree = "<group>"; };
		1802438523278A2700E825E0 /* Base */ = {isa = PBXFileReference; lastKnownFileType = file.storyboard; name = Base; path = Base.lproj/LaunchScreen.storyboard; sourceTree = "<group>"; };
		1802438723278A2700E825E0 /* Info.plist */ = {isa = PBXFileReference; lastKnownFileType = text.plist.xml; path = Info.plist; sourceTree = "<group>"; };
		1802438C23278A2700E825E0 /* helloWorldTests.xctest */ = {isa = PBXFileReference; explicitFileType = wrapper.cfbundle; includeInIndex = 0; path = helloWorldTests.xctest; sourceTree = BUILT_PRODUCTS_DIR; };
		1802439023278A2700E825E0 /* helloWorldTests.swift */ = {isa = PBXFileReference; lastKnownFileType = sourcecode.swift; path = helloWorldTests.swift; sourceTree = "<group>"; };
		1802439223278A2700E825E0 /* Info.plist */ = {isa = PBXFileReference; lastKnownFileType = text.plist.xml; path = Info.plist; sourceTree = "<group>"; };
		1802439723278A2700E825E0 /* helloWorldUITests.xctest */ = {isa = PBXFileReference; explicitFileType = wrapper.cfbundle; includeInIndex = 0; path = helloWorldUITests.xctest; sourceTree = BUILT_PRODUCTS_DIR; };
		1802439B23278A2700E825E0 /* helloWorldUITests.swift */ = {isa = PBXFileReference; lastKnownFileType = sourcecode.swift; path = helloWorldUITests.swift; sourceTree = "<group>"; };
		1802439D23278A2700E825E0 /* Info.plist */ = {isa = PBXFileReference; lastKnownFileType = text.plist.xml; path = Info.plist; sourceTree = "<group>"; };
/* End PBXFileReference section */

/* Begin PBXFrameworksBuildPhase section */
		1802437523278A2600E825E0 /* Frameworks */ = {
			isa = PBXFrameworksBuildPhase;
			buildActionMask = 2147483647;
			files = (
			);
			runOnlyForDeploymentPostprocessing = 0;
		};
		1802438923278A2700E825E0 /* Frameworks */ = {
			isa = PBXFrameworksBuildPhase;
			buildActionMask = 2147483647;
			files = (
			);
			runOnlyForDeploymentPostprocessing = 0;
		};
		1802439423278A2700E825E0 /* Frameworks */ = {
			isa = PBXFrameworksBuildPhase;
			buildActionMask = 2147483647;
			files = (
			);
			runOnlyForDeploymentPostprocessing = 0;
		};
/* End PBXFrameworksBuildPhase section */

/* Begin PBXGroup section */
		1802436F23278A2600E825E0 = {
			isa = PBXGroup;
			children = (
				1802437A23278A2600E825E0 /* helloWorld */,
				1802438F23278A2700E825E0 /* helloWorldTests */,
				1802439A23278A2700E825E0 /* helloWorldUITests */,
				1802437923278A2600E825E0 /* Products */,
			);
			sourceTree = "<group>";
		};
		1802437923278A2600E825E0 /* Products */ = {
			isa = PBXGroup;
			children = (
				1802437823278A2600E825E0 /* helloWorld.app */,
				1802438C23278A2700E825E0 /* helloWorldTests.xctest */,
				1802439723278A2700E825E0 /* helloWorldUITests.xctest */,
			);
			name = Products;
			sourceTree = "<group>";
		};
		1802437A23278A2600E825E0 /* helloWorld */ = {
			isa = PBXGroup;
			children = (
				1802437B23278A2600E825E0 /* AppDelegate.swift */,
				1802437D23278A2600E825E0 /* ViewController.swift */,
				1802437F23278A2600E825E0 /* Main.storyboard */,
				1802438223278A2700E825E0 /* Assets.xcassets */,
				1802438423278A2700E825E0 /* LaunchScreen.storyboard */,
				1802438723278A2700E825E0 /* Info.plist */,
			);
			path = helloWorld;
			sourceTree = "<group>";
		};
		1802438F23278A2700E825E0 /* helloWorldTests */ = {
			isa = PBXGroup;
			children = (
				1802439023278A2700E825E0 /* helloWorldTests.swift */,
				1802439223278A2700E825E0 /* Info.plist */,
			);
			path = helloWorldTests;
			sourceTree = "<group>";
		};
		1802439A23278A2700E825E0 /* helloWorldUITests */ = {
			isa = PBXGroup;
			children = (
				1802439B23278A2700E825E0 /* helloWorldUITests.swift */,
				1802439D23278A2700E825E0 /* Info.plist */,
			);
			path = helloWorldUITests;
			sourceTree = "<group>";
		};
/* End PBXGroup section */

/* Begin PBXNativeTarget section */
		1802437723278A2600E825E0 /* helloWorld */ = {
			isa = PBXNativeTarget;
			buildConfigurationList = 180243A023278A2700E825E0 /* Build configuration list for PBXNativeTarget "helloWorld" */;
			buildPhases = (
				1802437423278A2600E825E0 /* Sources */,
				1802437523278A2600E825E0 /* Frameworks */,
				1802437623278A2600E825E0 /* Resources */,
			);
			buildRules = (
			);
			dependencies = (
			);
			name = helloWorld;
			productName = helloWorld;
			productReference = 1802437823278A2600E825E0 /* helloWorld.app */;
			productType = "com.apple.product-type.application";
		};
		1802438B23278A2700E825E0 /* helloWorldTests */ = {
			isa = PBXNativeTarget;
			buildConfigurationList = 180243A323278A2700E825E0 /* Build configuration list for PBXNativeTarget "helloWorldTests" */;
			buildPhases = (
				1802438823278A2700E825E0 /* Sources */,
				1802438923278A2700E825E0 /* Frameworks */,
				1802438A23278A2700E825E0 /* Resources */,
			);
			buildRules = (
			);
			dependencies = (
				1802438E23278A2700E825E0 /* PBXTargetDependency */,
			);
			name = helloWorldTests;
			productName = helloWorldTests;
			productReference = 1802438C23278A2700E825E0 /* helloWorldTests.xctest */;
			productType = "com.apple.product-type.bundle.unit-test";
		};
		1802439623278A2700E825E0 /* helloWorldUITests */ = {
			isa = PBXNativeTarget;
			buildConfigurationList = 180243A623278A2700E825E0 /* Build configuration list for PBXNativeTarget "helloWorldUITests" */;
			buildPhases = (
				1802439323278A2700E825E0 /* Sources */,
				1802439423278A2700E825E0 /* Frameworks */,
				1802439523278A2700E825E0 /* Resources */,
			);
			buildRules = (
			);
			dependencies = (
				1802439923278A2700E825E0 /* PBXTargetDependency */,
			);
			name = helloWorldUITests;
			productName = helloWorldUITests;
			productReference = 1802439723278A2700E825E0 /* helloWorldUITests.xctest */;
			productType = "com.apple.product-type.bundle.ui-testing";
		};
/* End PBXNativeTarget section */

/* Begin PBXProject section */
		1802437023278A2600E825E0 /* Project object */ = {
			isa = PBXProject;
			attributes = {
				LastSwiftUpdateCheck = 1030;
				LastUpgradeCheck = 1030;
				ORGANIZATIONNAME = qcx;
				TargetAttributes = {
					1802437723278A2600E825E0 = {
						CreatedOnToolsVersion = 10.3;
					};
					1802438B23278A2700E825E0 = {
						CreatedOnToolsVersion = 10.3;
						TestTargetID = 1802437723278A2600E825E0;
					};
					1802439623278A2700E825E0 = {
						CreatedOnToolsVersion = 10.3;
						TestTargetID = 1802437723278A2600E825E0;
					};
				};
			};
			buildConfigurationList = 1802437323278A2600E825E0 /* Build configuration list for PBXProject "helloWorld" */;
			compatibilityVersion = "Xcode 9.3";
			developmentRegion = en;
			hasScannedForEncodings = 0;
			knownRegions = (
				en,
				Base,
			);
			mainGroup = 1802436F23278A2600E825E0;
			productRefGroup = 1802437923278A2600E825E0 /* Products */;
			projectDirPath = "";
			projectRoot = "";
			targets = (
				1802437723278A2600E825E0 /* helloWorld */,
				1802438B23278A2700E825E0 /* helloWorldTests */,
				1802439623278A2700E825E0 /* helloWorldUITests */,
			);
		};
/* End PBXProject section */

/* Begin PBXResourcesBuildPhase section */
		1802437623278A2600E825E0 /* Resources */ = {
			isa = PBXResourcesBuildPhase;
			buildActionMask = 2147483647;
			files = (
				1802438623278A2700E825E0 /* LaunchScreen.storyboard in Resources */,
				1802438323278A2700E825E0 /* Assets.xcassets in Resources */,
				1802438123278A2600E825E0 /* Main.storyboard in Resources */,
			);
			runOnlyForDeploymentPostprocessing = 0;
		};
		1802438A23278A2700E825E0 /* Resources */ = {
			isa = PBXResourcesBuildPhase;
			buildActionMask = 2147483647;
			files = (
			);
			runOnlyForDeploymentPostprocessing = 0;
		};
		1802439523278A2700E825E0 /* Resources */ = {
			isa = PBXResourcesBuildPhase;
			buildActionMask = 2147483647;
			files = (
			);
			runOnlyForDeploymentPostprocessing = 0;
		};
/* End PBXResourcesBuildPhase section */

/* Begin PBXSourcesBuildPhase section */
		1802437423278A2600E825E0 /* Sources */ = {
			isa = PBXSourcesBuildPhase;
			buildActionMask = 2147483647;
			files = (
				1802437E23278A2600E825E0 /* ViewController.swift in Sources */,
				1802437C23278A2600E825E0 /* AppDelegate.swift in Sources */,
			);
			runOnlyForDeploymentPostprocessing = 0;
		};
		1802438823278A2700E825E0 /* Sources */ = {
			isa = PBXSourcesBuildPhase;
			buildActionMask = 2147483647;
			files = (
				1802439123278A2700E825E0 /* helloWorldTests.swift in Sources */,
			);
			runOnlyForDeploymentPostprocessing = 0;
		};
		1802439323278A2700E825E0 /* Sources */ = {
			isa = PBXSourcesBuildPhase;
			buildActionMask = 2147483647;
			files = (
				1802439C23278A2700E825E0 /* helloWorldUITests.swift in Sources */,
			);
			runOnlyForDeploymentPostprocessing = 0;
		};
/* End PBXSourcesBuildPhase section */

/* Begin PBXTargetDependency section */
		1802438E23278A2700E825E0 /* PBXTargetDependency */ = {
			isa = PBXTargetDependency;
			target = 1802437723278A2600E825E0 /* helloWorld */;
			targetProxy = 1802438D23278A2700E825E0 /* PBXContainerItemProxy */;
		};
		1802439923278A2700E825E0 /* PBXTargetDependency */ = {
			isa = PBXTargetDependency;
			target = 1802437723278A2600E825E0 /* helloWorld */;
			targetProxy = 1802439823278A2700E825E0 /* PBXContainerItemProxy */;
		};
/* End PBXTargetDependency section */

/* Begin PBXVariantGroup section */
		1802437F23278A2600E825E0 /* Main.storyboard */ = {
			isa = PBXVariantGroup;
			children = (
				1802438023278A2600E825E0 /* Base */,
			);
			name = Main.storyboard;
			sourceTree = "<group>";
		};
		1802438423278A2700E825E0 /* LaunchScreen.storyboard */ = {
			isa = PBXVariantGroup;
			children = (
				1802438523278A2700E825E0 /* Base */,
			);
			name = LaunchScreen.storyboard;
			sourceTree = "<group>";
		};
/* End PBXVariantGroup section */

/* Begin XCBuildConfiguration section */
		1802439E23278A2700E825E0 /* Debug */ = {
			isa = XCBuildConfiguration;
			buildSettings = {
				ALWAYS_SEARCH_USER_PATHS = NO;
				CLANG_ANALYZER_NONNULL = YES;
				CLANG_ANALYZER_NUMBER_OBJECT_CONVERSION = YES_AGGRESSIVE;
				CLANG_CXX_LANGUAGE_STANDARD = "gnu++14";
				CLANG_CXX_LIBRARY = "libc++";
				CLANG_ENABLE_MODULES = YES;
				CLANG_ENABLE_OBJC_ARC = YES;
				CLANG_ENABLE_OBJC_WEAK = YES;
				CLANG_WARN_BLOCK_CAPTURE_AUTORELEASING = YES;
				CLANG_WARN_BOOL_CONVERSION = YES;
				CLANG_WARN_COMMA = YES;
				CLANG_WARN_CONSTANT_CONVERSION = YES;
				CLANG_WARN_DEPRECATED_OBJC_IMPLEMENTATIONS = YES;
				CLANG_WARN_DIRECT_OBJC_ISA_USAGE = YES_ERROR;
				CLANG_WARN_DOCUMENTATION_COMMENTS = YES;
				CLANG_WARN_EMPTY_BODY = YES;
				CLANG_WARN_ENUM_CONVERSION = YES;
				CLANG_WARN_INFINITE_RECURSION = YES;
				CLANG_WARN_INT_CONVERSION = YES;
				CLANG_WARN_NON_LITERAL_NULL_CONVERSION = YES;
				CLANG_WARN_OBJC_IMPLICIT_RETAIN_SELF = YES;
				CLANG_WARN_OBJC_LITERAL_CONVERSION = YES;
				CLANG_WARN_OBJC_ROOT_CLASS = YES_ERROR;
				CLANG_WARN_RANGE_LOOP_ANALYSIS = YES;
				CLANG_WARN_STRICT_PROTOTYPES = YES;
				CLANG_WARN_SUSPICIOUS_MOVE = YES;
				CLANG_WARN_UNGUARDED_AVAILABILITY = YES_AGGRESSIVE;
				CLANG_WARN_UNREACHABLE_CODE = YES;
				CLANG_WARN__DUPLICATE_METHOD_MATCH = YES;
				CODE_SIGN_IDENTITY = "iPhone Developer";
				COPY_PHASE_STRIP = NO;
				DEBUG_INFORMATION_FORMAT = dwarf;
				ENABLE_STRICT_OBJC_MSGSEND = YES;
				ENABLE_TESTABILITY = YES;
				GCC_C_LANGUAGE_STANDARD = gnu11;
				GCC_DYNAMIC_NO_PIC = NO;
				GCC_NO_COMMON_BLOCKS = YES;
				GCC_OPTIMIZATION_LEVEL = 0;
				GCC_PREPROCESSOR_DEFINITIONS = (
					"DEBUG=1",
					"$(inherited)",
				);
				GCC_WARN_64_TO_32_BIT_CONVERSION = YES;
				GCC_WARN_ABOUT_RETURN_TYPE = YES_ERROR;
				GCC_WARN_UNDECLARED_SELECTOR = YES;
				GCC_WARN_UNINITIALIZED_AUTOS = YES_AGGRESSIVE;
				GCC_WARN_UNUSED_FUNCTION = YES;
				GCC_WARN_UNUSED_VARIABLE = YES;
				IPHONEOS_DEPLOYMENT_TARGET = 12.4;
				MTL_ENABLE_DEBUG_INFO = INCLUDE_SOURCE;
				MTL_FAST_MATH = YES;
				ONLY_ACTIVE_ARCH = YES;
				SDKROOT = iphoneos;
				SWIFT_ACTIVE_COMPILATION_CONDITIONS = DEBUG;
				SWIFT_OPTIMIZATION_LEVEL = "-Onone";
			};
			name = Debug;
		};
		1802439F23278A2700E825E0 /* Release */ = {
			isa = XCBuildConfiguration;
			buildSettings = {
				ALWAYS_SEARCH_USER_PATHS = NO;
				CLANG_ANALYZER_NONNULL = YES;
				CLANG_ANALYZER_NUMBER_OBJECT_CONVERSION = YES_AGGRESSIVE;
				CLANG_CXX_LANGUAGE_STANDARD = "gnu++14";
				CLANG_CXX_LIBRARY = "libc++";
				CLANG_ENABLE_MODULES = YES;
				CLANG_ENABLE_OBJC_ARC = YES;
				CLANG_ENABLE_OBJC_WEAK = YES;
				CLANG_WARN_BLOCK_CAPTURE_AUTORELEASING = YES;
				CLANG_WARN_BOOL_CONVERSION = YES;
				CLANG_WARN_COMMA = YES;
				CLANG_WARN_CONSTANT_CONVERSION = YES;
				CLANG_WARN_DEPRECATED_OBJC_IMPLEMENTATIONS = YES;
				CLANG_WARN_DIRECT_OBJC_ISA_USAGE = YES_ERROR;
				CLANG_WARN_DOCUMENTATION_COMMENTS = YES;
				CLANG_WARN_EMPTY_BODY = YES;
				CLANG_WARN_ENUM_CONVERSION = YES;
				CLANG_WARN_INFINITE_RECURSION = YES;
				CLANG_WARN_INT_CONVERSION = YES;
				CLANG_WARN_NON_LITERAL_NULL_CONVERSION = YES;
				CLANG_WARN_OBJC_IMPLICIT_RETAIN_SELF = YES;
				CLANG_WARN_OBJC_LITERAL_CONVERSION = YES;
				CLANG_WARN_OBJC_ROOT_CLASS = YES_ERROR;
				CLANG_WARN_RANGE_LOOP_ANALYSIS = YES;
				CLANG_WARN_STRICT_PROTOTYPES = YES;
				CLANG_WARN_SUSPICIOUS_MOVE = YES;
				CLANG_WARN_UNGUARDED_AVAILABILITY = YES_AGGRESSIVE;
				CLANG_WARN_UNREACHABLE_CODE = YES;
				CLANG_WARN__DUPLICATE_METHOD_MATCH = YES;
				CODE_SIGN_IDENTITY = "iPhone Developer";
				COPY_PHASE_STRIP = NO;
				DEBUG_INFORMATION_FORMAT = "dwarf-with-dsym";
				ENABLE_NS_ASSERTIONS = NO;
				ENABLE_STRICT_OBJC_MSGSEND = YES;
				GCC_C_LANGUAGE_STANDARD = gnu11;
				GCC_NO_COMMON_BLOCKS = YES;
				GCC_WARN_64_TO_32_BIT_CONVERSION = YES;
				GCC_WARN_ABOUT_RETURN_TYPE = YES_ERROR;
				GCC_WARN_UNDECLARED_SELECTOR = YES;
				GCC_WARN_UNINITIALIZED_AUTOS = YES_AGGRESSIVE;
				GCC_WARN_UNUSED_FUNCTION = YES;
				GCC_WARN_UNUSED_VARIABLE = YES;
				IPHONEOS_DEPLOYMENT_TARGET = 12.4;
				MTL_ENABLE_DEBUG_INFO = NO;
				MTL_FAST_MATH = YES;
				SDKROOT = iphoneos;
				SWIFT_COMPILATION_MODE = wholemodule;
				SWIFT_OPTIMIZATION_LEVEL = "-O";
				VALIDATE_PRODUCT = YES;
			};
			name = Release;
		};
		180243A123278A2700E825E0 /* Debug */ = {
			isa = XCBuildConfiguration;
			buildSettings = {
				ASSETCATALOG_COMPILER_APPICON_NAME = AppIcon;
				CODE_SIGN_STYLE = Automatic;
				INFOPLIST_FILE = helloWorld/Info.plist;
				LD_RUNPATH_SEARCH_PATHS = (
					"$(inherited)",
					"@executable_path/Frameworks",
				);
				PRODUCT_BUNDLE_IDENTIFIER = com.scut.app.qcx.helloWorld;
				PRODUCT_NAME = "$(TARGET_NAME)";
				SWIFT_VERSION = 5.0;
				TARGETED_DEVICE_FAMILY = "1,2";
			};
			name = Debug;
		};
		180243A223278A2700E825E0 /* Release */ = {
			isa = XCBuildConfiguration;
			buildSettings = {
				ASSETCATALOG_COMPILER_APPICON_NAME = AppIcon;
				CODE_SIGN_STYLE = Automatic;
				INFOPLIST_FILE = helloWorld/Info.plist;
				LD_RUNPATH_SEARCH_PATHS = (
					"$(inherited)",
					"@executable_path/Frameworks",
				);
				PRODUCT_BUNDLE_IDENTIFIER = com.scut.app.qcx.helloWorld;
				PRODUCT_NAME = "$(TARGET_NAME)";
				SWIFT_VERSION = 5.0;
				TARGETED_DEVICE_FAMILY = "1,2";
			};
			name = Release;
		};
		180243A423278A2700E825E0 /* Debug */ = {
			isa = XCBuildConfiguration;
			buildSettings = {
				ALWAYS_EMBED_SWIFT_STANDARD_LIBRARIES = YES;
				BUNDLE_LOADER = "$(TEST_HOST)";
				CODE_SIGN_STYLE = Automatic;
				INFOPLIST_FILE = helloWorldTests/Info.plist;
				LD_RUNPATH_SEARCH_PATHS = (
					"$(inherited)",
					"@executable_path/Frameworks",
					"@loader_path/Frameworks",
				);
				PRODUCT_BUNDLE_IDENTIFIER = com.scut.app.qcx.helloWorldTests;
				PRODUCT_NAME = "$(TARGET_NAME)";
				SWIFT_VERSION = 5.0;
				TARGETED_DEVICE_FAMILY = "1,2";
				TEST_HOST = "$(BUILT_PRODUCTS_DIR)/helloWorld.app/helloWorld";
			};
			name = Debug;
		};
		180243A523278A2700E825E0 /* Release */ = {
			isa = XCBuildConfiguration;
			buildSettings = {
				ALWAYS_EMBED_SWIFT_STANDARD_LIBRARIES = YES;
				BUNDLE_LOADER = "$(TEST_HOST)";
				CODE_SIGN_STYLE = Automatic;
				INFOPLIST_FILE = helloWorldTests/Info.plist;
				LD_RUNPATH_SEARCH_PATHS = (
					"$(inherited)",
					"@executable_path/Frameworks",
					"@loader_path/Frameworks",
				);
				PRODUCT_BUNDLE_IDENTIFIER = com.scut.app.qcx.helloWorldTests;
				PRODUCT_NAME = "$(TARGET_NAME)";
				SWIFT_VERSION = 5.0;
				TARGETED_DEVICE_FAMILY = "1,2";
				TEST_HOST = "$(BUILT_PRODUCTS_DIR)/helloWorld.app/helloWorld";
			};
			name = Release;
		};
		180243A723278A2700E825E0 /* Debug */ = {
			isa = XCBuildConfiguration;
			buildSettings = {
				ALWAYS_EMBED_SWIFT_STANDARD_LIBRARIES = YES;
				CODE_SIGN_STYLE = Automatic;
				INFOPLIST_FILE = helloWorldUITests/Info.plist;
				LD_RUNPATH_SEARCH_PATHS = (
					"$(inherited)",
					"@executable_path/Frameworks",
					"@loader_path/Frameworks",
				);
				PRODUCT_BUNDLE_IDENTIFIER = com.scut.app.qcx.helloWorldUITests;
				PRODUCT_NAME = "$(TARGET_NAME)";
				SWIFT_VERSION = 5.0;
				TARGETED_DEVICE_FAMILY = "1,2";
				TEST_TARGET_NAME = helloWorld;
			};
			name = Debug;
		};
		180243A823278A2700E825E0 /* Release */ = {
			isa = XCBuildConfiguration;
			buildSettings = {
				ALWAYS_EMBED_SWIFT_STANDARD_LIBRARIES = YES;
				CODE_SIGN_STYLE = Automatic;
				INFOPLIST_FILE = helloWorldUITests/Info.plist;
				LD_RUNPATH_SEARCH_PATHS = (
					"$(inherited)",
					"@executable_path/Frameworks",
					"@loader_path/Frameworks",
				);
				PRODUCT_BUNDLE_IDENTIFIER = com.scut.app.qcx.helloWorldUITests;
				PRODUCT_NAME = "$(TARGET_NAME)";
				SWIFT_VERSION = 5.0;
				TARGETED_DEVICE_FAMILY = "1,2";
				TEST_TARGET_NAME = helloWorld;
			};
			name = Release;
		};
/* End XCBuildConfiguration section */

/* Begin XCConfigurationList section */
		1802437323278A2600E825E0 /* Build configuration list for PBXProject "helloWorld" */ = {
			isa = XCConfigurationList;
			buildConfigurations = (
				1802439E23278A2700E825E0 /* Debug */,
				1802439F23278A2700E825E0 /* Release */,
			);
			defaultConfigurationIsVisible = 0;
			defaultConfigurationName = Release;
		};
		180243A023278A2700E825E0 /* Build configuration list for PBXNativeTarget "helloWorld" */ = {
			isa = XCConfigurationList;
			buildConfigurations = (
				180243A123278A2700E825E0 /* Debug */,
				180243A223278A2700E825E0 /* Release */,
			);
			defaultConfigurationIsVisible = 0;
			defaultConfigurationName = Release;
		};
		180243A323278A2700E825E0 /* Build configuration list for PBXNativeTarget "helloWorldTests" */ = {
			isa = XCConfigurationList;
			buildConfigurations = (
				180243A423278A2700E825E0 /* Debug */,
				180243A523278A2700E825E0 /* Release */,
			);
			defaultConfigurationIsVisible = 0;
			defaultConfigurationName = Release;
		};
		180243A623278A2700E825E0 /* Build configuration list for PBXNativeTarget "helloWorldUITests" */ = {
			isa = XCConfigurationList;
			buildConfigurations = (
				180243A723278A2700E825E0 /* Debug */,
				180243A823278A2700E825E0 /* Release */,
			);
			defaultConfigurationIsVisible = 0;
			defaultConfigurationName = Release;
		};
/* End XCConfigurationList section */
	};
	rootObject = 1802437023278A2600E825E0 /* Project object */;
}
